
Microsoft Visual Studio Solution File, Format Version 12.00
# Visual Studio 2015
Project("{FAE04EC0-301F-11D3-BF4B-00C04F79EFBC}") = "PhoneMazeGame.CSharp", "PhoneMazeGame.CSharp.csproj", "{1B19A834-051E-22A6-D53C-E69A5F7B646F}"
EndProject
Project("{FAE04EC0-301F-11D3-BF4B-00C04F79EFBC}") = "PhoneMazeGame.CSharp.Editor", "PhoneMazeGame.CSharp.Editor.csproj", "{394A7BF8-6854-A386-85AA-7DF3A602BB5D}"
EndProject
Global
	GlobalSection(SolutionConfigurationPlatforms) = preSolution
		Debug|Any CPU = Debug|Any CPU
		Release|Any CPU = Release|Any CPU
	EndGlobalSection
	GlobalSection(ProjectConfigurationPlatforms) = postSolution
		{1B19A834-051E-22A6-D53C-E69A5F7B646F}.Debug|Any CPU.ActiveCfg = Debug|Any CPU
		{1B19A834-051E-22A6-D53C-E69A5F7B646F}.Debug|Any CPU.Build.0 = Debug|Any CPU
		{1B19A834-051E-22A6-D53C-E69A5F7B646F}.Release|Any CPU.ActiveCfg = Release|Any CPU
		{1B19A834-051E-22A6-D53C-E69A5F7B646F}.Release|Any CPU.Build.0 = Release|Any CPU
		{394A7BF8-6854-A386-85AA-7DF3A602BB5D}.Debug|Any CPU.ActiveCfg = Debug|Any CPU
		{394A7BF8-6854-A386-85AA-7DF3A602BB5D}.Debug|Any CPU.Build.0 = Debug|Any CPU
		{394A7BF8-6854-A386-85AA-7DF3A602BB5D}.Release|Any CPU.ActiveCfg = Release|Any CPU
		{394A7BF8-6854-A386-85AA-7DF3A602BB5D}.Release|Any CPU.Build.0 = Release|Any CPU
	EndGlobalSection
	GlobalSection(SolutionProperties) = preSolution
		HideSolutionNode = FALSE
	EndGlobalSection
EndGlobal
